
Microsoft Visual Studio Solution File, Format Version 11.00
# Visual C# Express 2010
Project("{FAE04EC0-301F-11D3-BF4B-00C04F79EFBC}") = "DieExample", "DieExample.csproj", "{6C0E9F35-5367-4FF2-8753-3919EDDD0652}"
EndProject
Global
	GlobalSection(SolutionConfigurationPlatforms) = preSolution
		Debug|x86 = Debug|x86
		Release|x86 = Release|x86
	EndGlobalSection
	GlobalSection(ProjectConfigurationPlatforms) = postSolution
		{6C0E9F35-5367-4FF2-8753-3919EDDD0652}.Debug|x86.ActiveCfg = Debug|x86
		{6C0E9F35-5367-4FF2-8753-3919EDDD0652}.Debug|x86.Build.0 = Debug|x86
		{6C0E9F35-5367-4FF2-8753-3919EDDD0652}.Release|x86.ActiveCfg = Release|x86
		{6C0E9F35-5367-4FF2-8753-3919EDDD0652}.Release|x86.Build.0 = Release|x86
	EndGlobalSection
	GlobalSection(SolutionProperties) = preSolution
		HideSolutionNode = FALSE
	EndGlobalSection
EndGlobal
