
Microsoft Visual Studio Solution File, Format Version 11.00
# Visual C# Express 2010
Project("{FAE04EC0-301F-11D3-BF4B-00C04F79EFBC}") = "XNAControllerInput", "XNAControllerInput\XNAControllerInput\XNAControllerInput.csproj", "{0EAF1B19-6E15-43EF-8563-D4B4CF92F143}"
EndProject
Project("{96E2B04D-8817-42C6-938A-82C39BA4D311}") = "XNAControllerInputContent", "XNAControllerInput\XNAControllerInputContent\XNAControllerInputContent.contentproj", "{16F2A0CB-6F31-4F80-BAF2-E4B0B69511A6}"
EndProject
Global
	GlobalSection(SolutionConfigurationPlatforms) = preSolution
		Debug|x86 = Debug|x86
		Release|x86 = Release|x86
	EndGlobalSection
	GlobalSection(ProjectConfigurationPlatforms) = postSolution
		{0EAF1B19-6E15-43EF-8563-D4B4CF92F143}.Debug|x86.ActiveCfg = Debug|x86
		{0EAF1B19-6E15-43EF-8563-D4B4CF92F143}.Debug|x86.Build.0 = Debug|x86
		{0EAF1B19-6E15-43EF-8563-D4B4CF92F143}.Release|x86.ActiveCfg = Release|x86
		{0EAF1B19-6E15-43EF-8563-D4B4CF92F143}.Release|x86.Build.0 = Release|x86
		{16F2A0CB-6F31-4F80-BAF2-E4B0B69511A6}.Debug|x86.ActiveCfg = Debug|x86
		{16F2A0CB-6F31-4F80-BAF2-E4B0B69511A6}.Release|x86.ActiveCfg = Release|x86
	EndGlobalSection
	GlobalSection(SolutionProperties) = preSolution
		HideSolutionNode = FALSE
	EndGlobalSection
EndGlobal
